
Microsoft Visual Studio Solution File, Format Version 12.00
# Visual Studio Version 16
VisualStudioVersion = 16.0.33130.400
MinimumVisualStudioVersion = 10.0.40219.1
Project("{FAE04EC0-301F-11D3-BF4B-00C04F79EFBC}") = "ClassHome1", "ClassHome1\ClassHome1.csproj", "{570DF195-C186-4EB1-96D1-8959268E0D61}"
EndProject
Global
	GlobalSection(SolutionConfigurationPlatforms) = preSolution
		Debug|Any CPU = Debug|Any CPU
		Release|Any CPU = Release|Any CPU
	EndGlobalSection
	GlobalSection(ProjectConfigurationPlatforms) = postSolution
		{570DF195-C186-4EB1-96D1-8959268E0D61}.Debug|Any CPU.ActiveCfg = Debug|Any CPU
		{570DF195-C186-4EB1-96D1-8959268E0D61}.Debug|Any CPU.Build.0 = Debug|Any CPU
		{570DF195-C186-4EB1-96D1-8959268E0D61}.Release|Any CPU.ActiveCfg = Release|Any CPU
		{570DF195-C186-4EB1-96D1-8959268E0D61}.Release|Any CPU.Build.0 = Release|Any CPU
	EndGlobalSection
	GlobalSection(SolutionProperties) = preSolution
		HideSolutionNode = FALSE
	EndGlobalSection
	GlobalSection(ExtensibilityGlobals) = postSolution
		SolutionGuid = {EC6DCDB5-BBD3-4F4A-88AD-525CAA9D2262}
	EndGlobalSection
EndGlobal
